
Microsoft Visual Studio Solution File, Format Version 12.00
# Visual Studio Version 16
VisualStudioVersion = 16.0.30907.101
MinimumVisualStudioVersion = 10.0.40219.1
Project("{FAE04EC0-301F-11D3-BF4B-00C04F79EFBC}") = "HW5", "HW5\HW5.csproj", "{DC6346E3-6A9D-4D53-BB44-85F5705C4CC2}"
EndProject
Global
	GlobalSection(SolutionConfigurationPlatforms) = preSolution
		Debug|Any CPU = Debug|Any CPU
		Release|Any CPU = Release|Any CPU
	EndGlobalSection
	GlobalSection(ProjectConfigurationPlatforms) = postSolution
		{DC6346E3-6A9D-4D53-BB44-85F5705C4CC2}.Debug|Any CPU.ActiveCfg = Debug|Any CPU
		{DC6346E3-6A9D-4D53-BB44-85F5705C4CC2}.Debug|Any CPU.Build.0 = Debug|Any CPU
		{DC6346E3-6A9D-4D53-BB44-85F5705C4CC2}.Release|Any CPU.ActiveCfg = Release|Any CPU
		{DC6346E3-6A9D-4D53-BB44-85F5705C4CC2}.Release|Any CPU.Build.0 = Release|Any CPU
	EndGlobalSection
	GlobalSection(SolutionProperties) = preSolution
		HideSolutionNode = FALSE
	EndGlobalSection
	GlobalSection(ExtensibilityGlobals) = postSolution
		SolutionGuid = {B5E56627-D4F6-43B5-AD24-84F73074127C}
	EndGlobalSection
EndGlobal
